// !$*UTF8*$!
{
	archiveVersion = 1;
	classes = {
	};
	objectVersion = 56;
	objects = {

/* Begin PBXBuildFile section */
		5C842B012B7650D40016804C /* AppDelegate.swift in Sources */ = {isa = PBXBuildFile; fileRef = 5C842B002B7650D40016804C /* AppDelegate.swift */; };
		5C842B032B7650D40016804C /* SceneDelegate.swift in Sources */ = {isa = PBXBuildFile; fileRef = 5C842B022B7650D40016804C /* SceneDelegate.swift */; };
		5C842B052B7650D40016804C /* ViewController.swift in Sources */ = {isa = PBXBuildFile; fileRef = 5C842B042B7650D40016804C /* ViewController.swift */; };
		5C842B082B7650D40016804C /* Main.storyboard in Resources */ = {isa = PBXBuildFile; fileRef = 5C842B062B7650D40016804C /* Main.storyboard */; };
		5C842B0A2B7650D60016804C /* Assets.xcassets in Resources */ = {isa = PBXBuildFile; fileRef = 5C842B092B7650D60016804C /* Assets.xcassets */; };
		5C842B0D2B7650D60016804C /* LaunchScreen.storyboard in Resources */ = {isa = PBXBuildFile; fileRef = 5C842B0B2B7650D60016804C /* LaunchScreen.storyboard */; };
		5C842B162B7651060016804C /* RxBlocking in Frameworks */ = {isa = PBXBuildFile; productRef = 5C842B152B7651060016804C /* RxBlocking */; };
		5C842B182B7651060016804C /* RxBlocking-Dynamic in Frameworks */ = {isa = PBXBuildFile; productRef = 5C842B172B7651060016804C /* RxBlocking-Dynamic */; };
		5C842B1A2B7651060016804C /* RxCocoa in Frameworks */ = {isa = PBXBuildFile; productRef = 5C842B192B7651060016804C /* RxCocoa */; };
		5C842B1C2B7651060016804C /* RxCocoa-Dynamic in Frameworks */ = {isa = PBXBuildFile; productRef = 5C842B1B2B7651060016804C /* RxCocoa-Dynamic */; };
		5C842B1E2B7651060016804C /* RxRelay in Frameworks */ = {isa = PBXBuildFile; productRef = 5C842B1D2B7651060016804C /* RxRelay */; };
		5C842B202B7651060016804C /* RxRelay-Dynamic in Frameworks */ = {isa = PBXBuildFile; productRef = 5C842B1F2B7651060016804C /* RxRelay-Dynamic */; };
/* End PBXBuildFile section */

/* Begin PBXFileReference section */
		5C842AFD2B7650D40016804C /* TableRxSwift.app */ = {isa = PBXFileReference; explicitFileType = wrapper.application; includeInIndex = 0; path = TableRxSwift.app; sourceTree = BUILT_PRODUCTS_DIR; };
		5C842B002B7650D40016804C /* AppDelegate.swift */ = {isa = PBXFileReference; lastKnownFileType = sourcecode.swift; path = AppDelegate.swift; sourceTree = "<group>"; };
		5C842B022B7650D40016804C /* SceneDelegate.swift */ = {isa = PBXFileReference; lastKnownFileType = sourcecode.swift; path = SceneDelegate.swift; sourceTree = "<group>"; };
		5C842B042B7650D40016804C /* ViewController.swift */ = {isa = PBXFileReference; lastKnownFileType = sourcecode.swift; path = ViewController.swift; sourceTree = "<group>"; };
		5C842B072B7650D40016804C /* Base */ = {isa = PBXFileReference; lastKnownFileType = file.storyboard; name = Base; path = Base.lproj/Main.storyboard; sourceTree = "<group>"; };
		5C842B092B7650D60016804C /* Assets.xcassets */ = {isa = PBXFileReference; lastKnownFileType = folder.assetcatalog; path = Assets.xcassets; sourceTree = "<group>"; };
		5C842B0C2B7650D60016804C /* Base */ = {isa = PBXFileReference; lastKnownFileType = file.storyboard; name = Base; path = Base.lproj/LaunchScreen.storyboard; sourceTree = "<group>"; };
		5C842B0E2B7650D60016804C /* Info.plist */ = {isa = PBXFileReference; lastKnownFileType = text.plist.xml; path = Info.plist; sourceTree = "<group>"; };
/* End PBXFileReference section */

/* Begin PBXFrameworksBuildPhase section */
		5C842AFA2B7650D40016804C /* Frameworks */ = {
			isa = PBXFrameworksBuildPhase;
			buildActionMask = 2147483647;
			files = (
				5C842B1E2B7651060016804C /* RxRelay in Frameworks */,
				5C842B1C2B7651060016804C /* RxCocoa-Dynamic in Frameworks */,
				5C842B202B7651060016804C /* RxRelay-Dynamic in Frameworks */,
				5C842B1A2B7651060016804C /* RxCocoa in Frameworks */,
				5C842B162B7651060016804C /* RxBlocking in Frameworks */,
				5C842B182B7651060016804C /* RxBlocking-Dynamic in Frameworks */,
			);
			runOnlyForDeploymentPostprocessing = 0;
		};
/* End PBXFrameworksBuildPhase section */

/* Begin PBXGroup section */
		5C842AF42B7650D40016804C = {
			isa = PBXGroup;
			children = (
				5C842AFF2B7650D40016804C /* TableRxSwift */,
				5C842AFE2B7650D40016804C /* Products */,
			);
			sourceTree = "<group>";
		};
		5C842AFE2B7650D40016804C /* Products */ = {
			isa = PBXGroup;
			children = (
				5C842AFD2B7650D40016804C /* TableRxSwift.app */,
			);
			name = Products;
			sourceTree = "<group>";
		};
		5C842AFF2B7650D40016804C /* TableRxSwift */ = {
			isa = PBXGroup;
			children = (
				5C842B002B7650D40016804C /* AppDelegate.swift */,
				5C842B022B7650D40016804C /* SceneDelegate.swift */,
				5C842B042B7650D40016804C /* ViewController.swift */,
				5C842B062B7650D40016804C /* Main.storyboard */,
				5C842B092B7650D60016804C /* Assets.xcassets */,
				5C842B0B2B7650D60016804C /* LaunchScreen.storyboard */,
				5C842B0E2B7650D60016804C /* Info.plist */,
			);
			path = TableRxSwift;
			sourceTree = "<group>";
		};
/* End PBXGroup section */

/* Begin PBXNativeTarget section */
		5C842AFC2B7650D40016804C /* TableRxSwift */ = {
			isa = PBXNativeTarget;
			buildConfigurationList = 5C842B112B7650D60016804C /* Build configuration list for PBXNativeTarget "TableRxSwift" */;
			buildPhases = (
				5C842AF92B7650D40016804C /* Sources */,
				5C842AFA2B7650D40016804C /* Frameworks */,
				5C842AFB2B7650D40016804C /* Resources */,
			);
			buildRules = (
			);
			dependencies = (
			);
			name = TableRxSwift;
			packageProductDependencies = (
				5C842B152B7651060016804C /* RxBlocking */,
				5C842B172B7651060016804C /* RxBlocking-Dynamic */,
				5C842B192B7651060016804C /* RxCocoa */,
				5C842B1B2B7651060016804C /* RxCocoa-Dynamic */,
				5C842B1D2B7651060016804C /* RxRelay */,
				5C842B1F2B7651060016804C /* RxRelay-Dynamic */,
			);
			productName = TableRxSwift;
			productReference = 5C842AFD2B7650D40016804C /* TableRxSwift.app */;
			productType = "com.apple.product-type.application";
		};
/* End PBXNativeTarget section */

/* Begin PBXProject section */
		5C842AF52B7650D40016804C /* Project object */ = {
			isa = PBXProject;
			attributes = {
				BuildIndependentTargetsInParallel = 1;
				LastSwiftUpdateCheck = 1510;
				LastUpgradeCheck = 1510;
				TargetAttributes = {
					5C842AFC2B7650D40016804C = {
						CreatedOnToolsVersion = 15.1;
					};
				};
			};
			buildConfigurationList = 5C842AF82B7650D40016804C /* Build configuration list for PBXProject "TableRxSwift" */;
			compatibilityVersion = "Xcode 14.0";
			developmentRegion = en;
			hasScannedForEncodings = 0;
			knownRegions = (
				en,
				Base,
			);
			mainGroup = 5C842AF42B7650D40016804C;
			packageReferences = (
				5C842B142B7651060016804C /* XCRemoteSwiftPackageReference "RxSwift" */,
			);
			productRefGroup = 5C842AFE2B7650D40016804C /* Products */;
			projectDirPath = "";
			projectRoot = "";
			targets = (
				5C842AFC2B7650D40016804C /* TableRxSwift */,
			);
		};
/* End PBXProject section */

/* Begin PBXResourcesBuildPhase section */
		5C842AFB2B7650D40016804C /* Resources */ = {
			isa = PBXResourcesBuildPhase;
			buildActionMask = 2147483647;
			files = (
				5C842B0D2B7650D60016804C /* LaunchScreen.storyboard in Resources */,
				5C842B0A2B7650D60016804C /* Assets.xcassets in Resources */,
				5C842B082B7650D40016804C /* Main.storyboard in Resources */,
			);
			runOnlyForDeploymentPostprocessing = 0;
		};
/* End PBXResourcesBuildPhase section */

/* Begin PBXSourcesBuildPhase section */
		5C842AF92B7650D40016804C /* Sources */ = {
			isa = PBXSourcesBuildPhase;
			buildActionMask = 2147483647;
			files = (
				5C842B052B7650D40016804C /* ViewController.swift in Sources */,
				5C842B012B7650D40016804C /* AppDelegate.swift in Sources */,
				5C842B032B7650D40016804C /* SceneDelegate.swift in Sources */,
			);
			runOnlyForDeploymentPostprocessing = 0;
		};
/* End PBXSourcesBuildPhase section */

/* Begin PBXVariantGroup section */
		5C842B062B7650D40016804C /* Main.storyboard */ = {
			isa = PBXVariantGroup;
			children = (
				5C842B072B7650D40016804C /* Base */,
			);
			name = Main.storyboard;
			sourceTree = "<group>";
		};
		5C842B0B2B7650D60016804C /* LaunchScreen.storyboard */ = {
			isa = PBXVariantGroup;
			children = (
				5C842B0C2B7650D60016804C /* Base */,
			);
			name = LaunchScreen.storyboard;
			sourceTree = "<group>";
		};
/* End PBXVariantGroup section */

/* Begin XCBuildConfiguration section */
		5C842B0F2B7650D60016804C /* Debug */ = {
			isa = XCBuildConfiguration;
			buildSettings = {
				ALWAYS_SEARCH_USER_PATHS = NO;
				ASSETCATALOG_COMPILER_GENERATE_SWIFT_ASSET_SYMBOL_EXTENSIONS = YES;
				CLANG_ANALYZER_NONNULL = YES;
				CLANG_ANALYZER_NUMBER_OBJECT_CONVERSION = YES_AGGRESSIVE;
				CLANG_CXX_LANGUAGE_STANDARD = "gnu++20";
				CLANG_ENABLE_MODULES = YES;
				CLANG_ENABLE_OBJC_ARC = YES;
				CLANG_ENABLE_OBJC_WEAK = YES;
				CLANG_WARN_BLOCK_CAPTURE_AUTORELEASING = YES;
				CLANG_WARN_BOOL_CONVERSION = YES;
				CLANG_WARN_COMMA = YES;
				CLANG_WARN_CONSTANT_CONVERSION = YES;
				CLANG_WARN_DEPRECATED_OBJC_IMPLEMENTATIONS = YES;
				CLANG_WARN_DIRECT_OBJC_ISA_USAGE = YES_ERROR;
				CLANG_WARN_DOCUMENTATION_COMMENTS = YES;
				CLANG_WARN_EMPTY_BODY = YES;
				CLANG_WARN_ENUM_CONVERSION = YES;
				CLANG_WARN_INFINITE_RECURSION = YES;
				CLANG_WARN_INT_CONVERSION = YES;
				CLANG_WARN_NON_LITERAL_NULL_CONVERSION = YES;
				CLANG_WARN_OBJC_IMPLICIT_RETAIN_SELF = YES;
				CLANG_WARN_OBJC_LITERAL_CONVERSION = YES;
				CLANG_WARN_OBJC_ROOT_CLASS = YES_ERROR;
				CLANG_WARN_QUOTED_INCLUDE_IN_FRAMEWORK_HEADER = YES;
				CLANG_WARN_RANGE_LOOP_ANALYSIS = YES;
				CLANG_WARN_STRICT_PROTOTYPES = YES;
				CLANG_WARN_SUSPICIOUS_MOVE = YES;
				CLANG_WARN_UNGUARDED_AVAILABILITY = YES_AGGRESSIVE;
				CLANG_WARN_UNREACHABLE_CODE = YES;
				CLANG_WARN__DUPLICATE_METHOD_MATCH = YES;
				COPY_PHASE_STRIP = NO;
				DEBUG_INFORMATION_FORMAT = dwarf;
				ENABLE_STRICT_OBJC_MSGSEND = YES;
				ENABLE_TESTABILITY = YES;
				ENABLE_USER_SCRIPT_SANDBOXING = YES;
				GCC_C_LANGUAGE_STANDARD = gnu17;
				GCC_DYNAMIC_NO_PIC = NO;
				GCC_NO_COMMON_BLOCKS = YES;
				GCC_OPTIMIZATION_LEVEL = 0;
				GCC_PREPROCESSOR_DEFINITIONS = (
					"DEBUG=1",
					"$(inherited)",
				);
				GCC_WARN_64_TO_32_BIT_CONVERSION = YES;
				GCC_WARN_ABOUT_RETURN_TYPE = YES_ERROR;
				GCC_WARN_UNDECLARED_SELECTOR = YES;
				GCC_WARN_UNINITIALIZED_AUTOS = YES_AGGRESSIVE;
				GCC_WARN_UNUSED_FUNCTION = YES;
				GCC_WARN_UNUSED_VARIABLE = YES;
				IPHONEOS_DEPLOYMENT_TARGET = 17.2;
				LOCALIZATION_PREFERS_STRING_CATALOGS = YES;
				MTL_ENABLE_DEBUG_INFO = INCLUDE_SOURCE;
				MTL_FAST_MATH = YES;
				ONLY_ACTIVE_ARCH = YES;
				SDKROOT = iphoneos;
				SWIFT_ACTIVE_COMPILATION_CONDITIONS = "DEBUG $(inherited)";
				SWIFT_OPTIMIZATION_LEVEL = "-Onone";
			};
			name = Debug;
		};
		5C842B102B7650D60016804C /* Release */ = {
			isa = XCBuildConfiguration;
			buildSettings = {
				ALWAYS_SEARCH_USER_PATHS = NO;
				ASSETCATALOG_COMPILER_GENERATE_SWIFT_ASSET_SYMBOL_EXTENSIONS = YES;
				CLANG_ANALYZER_NONNULL = YES;
				CLANG_ANALYZER_NUMBER_OBJECT_CONVERSION = YES_AGGRESSIVE;
				CLANG_CXX_LANGUAGE_STANDARD = "gnu++20";
				CLANG_ENABLE_MODULES = YES;
				CLANG_ENABLE_OBJC_ARC = YES;
				CLANG_ENABLE_OBJC_WEAK = YES;
				CLANG_WARN_BLOCK_CAPTURE_AUTORELEASING = YES;
				CLANG_WARN_BOOL_CONVERSION = YES;
				CLANG_WARN_COMMA = YES;
				CLANG_WARN_CONSTANT_CONVERSION = YES;
				CLANG_WARN_DEPRECATED_OBJC_IMPLEMENTATIONS = YES;
				CLANG_WARN_DIRECT_OBJC_ISA_USAGE = YES_ERROR;
				CLANG_WARN_DOCUMENTATION_COMMENTS = YES;
				CLANG_WARN_EMPTY_BODY = YES;
				CLANG_WARN_ENUM_CONVERSION = YES;
				CLANG_WARN_INFINITE_RECURSION = YES;
				CLANG_WARN_INT_CONVERSION = YES;
				CLANG_WARN_NON_LITERAL_NULL_CONVERSION = YES;
				CLANG_WARN_OBJC_IMPLICIT_RETAIN_SELF = YES;
				CLANG_WARN_OBJC_LITERAL_CONVERSION = YES;
				CLANG_WARN_OBJC_ROOT_CLASS = YES_ERROR;
				CLANG_WARN_QUOTED_INCLUDE_IN_FRAMEWORK_HEADER = YES;
				CLANG_WARN_RANGE_LOOP_ANALYSIS = YES;
				CLANG_WARN_STRICT_PROTOTYPES = YES;
				CLANG_WARN_SUSPICIOUS_MOVE = YES;
				CLANG_WARN_UNGUARDED_AVAILABILITY = YES_AGGRESSIVE;
				CLANG_WARN_UNREACHABLE_CODE = YES;
				CLANG_WARN__DUPLICATE_METHOD_MATCH = YES;
				COPY_PHASE_STRIP = NO;
				DEBUG_INFORMATION_FORMAT = "dwarf-with-dsym";
				ENABLE_NS_ASSERTIONS = NO;
				ENABLE_STRICT_OBJC_MSGSEND = YES;
				ENABLE_USER_SCRIPT_SANDBOXING = YES;
				GCC_C_LANGUAGE_STANDARD = gnu17;
				GCC_NO_COMMON_BLOCKS = YES;
				GCC_WARN_64_TO_32_BIT_CONVERSION = YES;
				GCC_WARN_ABOUT_RETURN_TYPE = YES_ERROR;
				GCC_WARN_UNDECLARED_SELECTOR = YES;
				GCC_WARN_UNINITIALIZED_AUTOS = YES_AGGRESSIVE;
				GCC_WARN_UNUSED_FUNCTION = YES;
				GCC_WARN_UNUSED_VARIABLE = YES;
				IPHONEOS_DEPLOYMENT_TARGET = 17.2;
				LOCALIZATION_PREFERS_STRING_CATALOGS = YES;
				MTL_ENABLE_DEBUG_INFO = NO;
				MTL_FAST_MATH = YES;
				SDKROOT = iphoneos;
				SWIFT_COMPILATION_MODE = wholemodule;
				VALIDATE_PRODUCT = YES;
			};
			name = Release;
		};
		5C842B122B7650D60016804C /* Debug */ = {
			isa = XCBuildConfiguration;
			buildSettings = {
				ASSETCATALOG_COMPILER_APPICON_NAME = AppIcon;
				ASSETCATALOG_COMPILER_GLOBAL_ACCENT_COLOR_NAME = AccentColor;
				CODE_SIGN_STYLE = Automatic;
				CURRENT_PROJECT_VERSION = 1;
				DEVELOPMENT_TEAM = 5S22W76BBZ;
				GENERATE_INFOPLIST_FILE = YES;
				INFOPLIST_FILE = TableRxSwift/Info.plist;
				INFOPLIST_KEY_UIApplicationSupportsIndirectInputEvents = YES;
				INFOPLIST_KEY_UILaunchStoryboardName = LaunchScreen;
				INFOPLIST_KEY_UIMainStoryboardFile = Main;
				INFOPLIST_KEY_UISupportedInterfaceOrientations_iPad = "UIInterfaceOrientationPortrait UIInterfaceOrientationPortraitUpsideDown UIInterfaceOrientationLandscapeLeft UIInterfaceOrientationLandscapeRight";
				INFOPLIST_KEY_UISupportedInterfaceOrientations_iPhone = "UIInterfaceOrientationPortrait UIInterfaceOrientationLandscapeLeft UIInterfaceOrientationLandscapeRight";
				LD_RUNPATH_SEARCH_PATHS = (
					"$(inherited)",
					"@executable_path/Frameworks",
				);
				MARKETING_VERSION = 1.0;
				PRODUCT_BUNDLE_IDENTIFIER = com.kevinhomorales.TableRxSwift;
				PRODUCT_NAME = "$(TARGET_NAME)";
				SWIFT_EMIT_LOC_STRINGS = YES;
				SWIFT_VERSION = 5.0;
				TARGETED_DEVICE_FAMILY = "1,2";
			};
			name = Debug;
		};
		5C842B132B7650D60016804C /* Release */ = {
			isa = XCBuildConfiguration;
			buildSettings = {
				ASSETCATALOG_COMPILER_APPICON_NAME = AppIcon;
				ASSETCATALOG_COMPILER_GLOBAL_ACCENT_COLOR_NAME = AccentColor;
				CODE_SIGN_STYLE = Automatic;
				CURRENT_PROJECT_VERSION = 1;
				DEVELOPMENT_TEAM = 5S22W76BBZ;
				GENERATE_INFOPLIST_FILE = YES;
				INFOPLIST_FILE = TableRxSwift/Info.plist;
				INFOPLIST_KEY_UIApplicationSupportsIndirectInputEvents = YES;
				INFOPLIST_KEY_UILaunchStoryboardName = LaunchScreen;
				INFOPLIST_KEY_UIMainStoryboardFile = Main;
				INFOPLIST_KEY_UISupportedInterfaceOrientations_iPad = "UIInterfaceOrientationPortrait UIInterfaceOrientationPortraitUpsideDown UIInterfaceOrientationLandscapeLeft UIInterfaceOrientationLandscapeRight";
				INFOPLIST_KEY_UISupportedInterfaceOrientations_iPhone = "UIInterfaceOrientationPortrait UIInterfaceOrientationLandscapeLeft UIInterfaceOrientationLandscapeRight";
				LD_RUNPATH_SEARCH_PATHS = (
					"$(inherited)",
					"@executable_path/Frameworks",
				);
				MARKETING_VERSION = 1.0;
				PRODUCT_BUNDLE_IDENTIFIER = com.kevinhomorales.TableRxSwift;
				PRODUCT_NAME = "$(TARGET_NAME)";
				SWIFT_EMIT_LOC_STRINGS = YES;
				SWIFT_VERSION = 5.0;
				TARGETED_DEVICE_FAMILY = "1,2";
			};
			name = Release;
		};
/* End XCBuildConfiguration section */

/* Begin XCConfigurationList section */
		5C842AF82B7650D40016804C /* Build configuration list for PBXProject "TableRxSwift" */ = {
			isa = XCConfigurationList;
			buildConfigurations = (
				5C842B0F2B7650D60016804C /* Debug */,
				5C842B102B7650D60016804C /* Release */,
			);
			defaultConfigurationIsVisible = 0;
			defaultConfigurationName = Release;
		};
		5C842B112B7650D60016804C /* Build configuration list for PBXNativeTarget "TableRxSwift" */ = {
			isa = XCConfigurationList;
			buildConfigurations = (
				5C842B122B7650D60016804C /* Debug */,
				5C842B132B7650D60016804C /* Release */,
			);
			defaultConfigurationIsVisible = 0;
			defaultConfigurationName = Release;
		};
/* End XCConfigurationList section */

/* Begin XCRemoteSwiftPackageReference section */
		5C842B142B7651060016804C /* XCRemoteSwiftPackageReference "RxSwift" */ = {
			isa = XCRemoteSwiftPackageReference;
			repositoryURL = "https://github.com/ReactiveX/RxSwift";
			requirement = {
				kind = upToNextMajorVersion;
				minimumVersion = 6.6.0;
			};
		};
/* End XCRemoteSwiftPackageReference section */

/* Begin XCSwiftPackageProductDependency section */
		5C842B152B7651060016804C /* RxBlocking */ = {
			isa = XCSwiftPackageProductDependency;
			package = 5C842B142B7651060016804C /* XCRemoteSwiftPackageReference "RxSwift" */;
			productName = RxBlocking;
		};
		5C842B172B7651060016804C /* RxBlocking-Dynamic */ = {
			isa = XCSwiftPackageProductDependency;
			package = 5C842B142B7651060016804C /* XCRemoteSwiftPackageReference "RxSwift" */;
			productName = "RxBlocking-Dynamic";
		};
		5C842B192B7651060016804C /* RxCocoa */ = {
			isa = XCSwiftPackageProductDependency;
			package = 5C842B142B7651060016804C /* XCRemoteSwiftPackageReference "RxSwift" */;
			productName = RxCocoa;
		};
		5C842B1B2B7651060016804C /* RxCocoa-Dynamic */ = {
			isa = XCSwiftPackageProductDependency;
			package = 5C842B142B7651060016804C /* XCRemoteSwiftPackageReference "RxSwift" */;
			productName = "RxCocoa-Dynamic";
		};
		5C842B1D2B7651060016804C /* RxRelay */ = {
			isa = XCSwiftPackageProductDependency;
			package = 5C842B142B7651060016804C /* XCRemoteSwiftPackageReference "RxSwift" */;
			productName = RxRelay;
		};
		5C842B1F2B7651060016804C /* RxRelay-Dynamic */ = {
			isa = XCSwiftPackageProductDependency;
			package = 5C842B142B7651060016804C /* XCRemoteSwiftPackageReference "RxSwift" */;
			productName = "RxRelay-Dynamic";
		};
/* End XCSwiftPackageProductDependency section */
	};
	rootObject = 5C842AF52B7650D40016804C /* Project object */;
}
